
Microsoft Visual Studio Solution File, Format Version 12.00
# Visual Studio Version 16
VisualStudioVersion = 16.0.33927.289
MinimumVisualStudioVersion = 10.0.40219.1
Project("{8BC9CEB8-8B4A-11D0-8D11-00A0C91BC942}") = "practice2", "practice2.vcxproj", "{A307F384-F3CE-44F4-95E5-1D257E01CDA9}"
EndProject
Global
	GlobalSection(SolutionConfigurationPlatforms) = preSolution
		Debug|x64 = Debug|x64
		Debug|x86 = Debug|x86
		Release|x64 = Release|x64
		Release|x86 = Release|x86
	EndGlobalSection
	GlobalSection(ProjectConfigurationPlatforms) = postSolution
		{A307F384-F3CE-44F4-95E5-1D257E01CDA9}.Debug|x64.ActiveCfg = Debug|x64
		{A307F384-F3CE-44F4-95E5-1D257E01CDA9}.Debug|x64.Build.0 = Debug|x64
		{A307F384-F3CE-44F4-95E5-1D257E01CDA9}.Debug|x86.ActiveCfg = Debug|Win32
		{A307F384-F3CE-44F4-95E5-1D257E01CDA9}.Debug|x86.Build.0 = Debug|Win32
		{A307F384-F3CE-44F4-95E5-1D257E01CDA9}.Release|x64.ActiveCfg = Release|x64
		{A307F384-F3CE-44F4-95E5-1D257E01CDA9}.Release|x64.Build.0 = Release|x64
		{A307F384-F3CE-44F4-95E5-1D257E01CDA9}.Release|x86.ActiveCfg = Release|Win32
		{A307F384-F3CE-44F4-95E5-1D257E01CDA9}.Release|x86.Build.0 = Release|Win32
	EndGlobalSection
	GlobalSection(SolutionProperties) = preSolution
		HideSolutionNode = FALSE
	EndGlobalSection
	GlobalSection(ExtensibilityGlobals) = postSolution
		SolutionGuid = {0A292EBE-DB3C-4196-8AD3-48BFFAB2B012}
	EndGlobalSection
EndGlobal
